
Microsoft Visual Studio Solution File, Format Version 12.00
# Visual Studio 2012
Project("{2150E333-8FDC-42A3-9474-1A3956D46DE8}") = ".nuget", ".nuget", "{BF7661D5-9A66-4E33-8B16-C61B6DE02189}"
	ProjectSection(SolutionItems) = preProject
		.nuget\NuGet.Config = .nuget\NuGet.Config
		.nuget\NuGet.exe = .nuget\NuGet.exe
		.nuget\NuGet.targets = .nuget\NuGet.targets
	EndProjectSection
EndProject
Project("{2150E333-8FDC-42A3-9474-1A3956D46DE8}") = "Libraries", "Libraries", "{DC864B6D-2877-4FE5-95F2-F1E2D9CF73D1}"
EndProject
Project("{2150E333-8FDC-42A3-9474-1A3956D46DE8}") = "Helpers", "Helpers", "{D8F47413-AD0E-4A6B-AE10-4732E9BA85FE}"
EndProject
Project("{2150E333-8FDC-42A3-9474-1A3956D46DE8}") = "Documents", "Documents", "{3C961F00-B253-43A8-BA8A-E7C8E072E751}"
	ProjectSection(SolutionItems) = preProject
		Documents\IMPORTANT_README.txt = Documents\IMPORTANT_README.txt
		Documents\Revision History.txt = Documents\Revision History.txt
		Documents\ThankYou.txt = Documents\ThankYou.txt
	EndProjectSection
EndProject
Project("{2150E333-8FDC-42A3-9474-1A3956D46DE8}") = "Servers", "Servers", "{0B8DB2AA-3670-43CF-8F08-99FA7469EA4D}"
EndProject
Project("{FAE04EC0-301F-11D3-BF4B-00C04F79EFBC}") = "Cell.Core", "Libraries\Source\Cell.Core\Cell.Core.csproj", "{71AB07AD-4D94-4693-8560-47862E5B6E61}"
EndProject
Project("{FAE04EC0-301F-11D3-BF4B-00C04F79EFBC}") = "WCell.Util", "Libraries\Source\WCell.Util\WCell.Util.csproj", "{F753AF28-A251-4C12-9335-07E8236184F2}"
EndProject
Project("{FAE04EC0-301F-11D3-BF4B-00C04F79EFBC}") = "LoginEngine", "AO.Servers\LoginEngine\LoginEngine.csproj", "{18839C38-02CB-49DA-9650-F014C74BB750}"
EndProject
Project("{FAE04EC0-301F-11D3-BF4B-00C04F79EFBC}") = "AO.Core", "Libraries\Source\AO.Core\AO.Core.csproj", "{1EC261BB-153D-487D-8A0A-DD85E850775F}"
EndProject
Project("{FAE04EC0-301F-11D3-BF4B-00C04F79EFBC}") = "SmokeLounge.AOtomation.Messaging", "..\..\AOtomation.Messaging\src\SmokeLounge.AOtomation.Messaging\SmokeLounge.AOtomation.Messaging.csproj", "{3CEAC898-BFCA-45EA-BF34-C4BBB85D2DA4}"
EndProject
Project("{FAE04EC0-301F-11D3-BF4B-00C04F79EFBC}") = "ZoneEngine", "AO.Servers\ZoneEngine\ZoneEngine.csproj", "{9FAB94E5-58EE-475B-B866-E8F2EDE31FDD}"
EndProject
Project("{FAE04EC0-301F-11D3-BF4B-00C04F79EFBC}") = "NiceHexOutput", "Helpers\NiceHexOutput\NiceHexOutput.csproj", "{6079CB15-9D05-4142-AB50-00DB492DD871}"
EndProject
Project("{FAE04EC0-301F-11D3-BF4B-00C04F79EFBC}") = "AO.Database", "Libraries\Source\AO.Database\AO.Database.csproj", "{E4C49EA3-504E-4EFB-96D6-3D2217553B14}"
EndProject
Global
	GlobalSection(SolutionConfigurationPlatforms) = preSolution
		Debug|Any CPU = Debug|Any CPU
		Debug|Itanium = Debug|Itanium
		Debug|x64 = Debug|x64
		Debug|x86 = Debug|x86
		Release|Any CPU = Release|Any CPU
		Release|Itanium = Release|Itanium
		Release|x64 = Release|x64
		Release|x86 = Release|x86
	EndGlobalSection
	GlobalSection(ProjectConfigurationPlatforms) = postSolution
		{71AB07AD-4D94-4693-8560-47862E5B6E61}.Debug|Any CPU.ActiveCfg = Debug|Any CPU
		{71AB07AD-4D94-4693-8560-47862E5B6E61}.Debug|Any CPU.Build.0 = Debug|Any CPU
		{71AB07AD-4D94-4693-8560-47862E5B6E61}.Debug|Itanium.ActiveCfg = Debug|Itanium
		{71AB07AD-4D94-4693-8560-47862E5B6E61}.Debug|Itanium.Build.0 = Debug|Itanium
		{71AB07AD-4D94-4693-8560-47862E5B6E61}.Debug|x64.ActiveCfg = Debug|x64
		{71AB07AD-4D94-4693-8560-47862E5B6E61}.Debug|x64.Build.0 = Debug|x64
		{71AB07AD-4D94-4693-8560-47862E5B6E61}.Debug|x86.ActiveCfg = Debug|x86
		{71AB07AD-4D94-4693-8560-47862E5B6E61}.Debug|x86.Build.0 = Debug|x86
		{71AB07AD-4D94-4693-8560-47862E5B6E61}.Release|Any CPU.ActiveCfg = Release|Any CPU
		{71AB07AD-4D94-4693-8560-47862E5B6E61}.Release|Any CPU.Build.0 = Release|Any CPU
		{71AB07AD-4D94-4693-8560-47862E5B6E61}.Release|Itanium.ActiveCfg = Release|Itanium
		{71AB07AD-4D94-4693-8560-47862E5B6E61}.Release|Itanium.Build.0 = Release|Itanium
		{71AB07AD-4D94-4693-8560-47862E5B6E61}.Release|x64.ActiveCfg = Release|x64
		{71AB07AD-4D94-4693-8560-47862E5B6E61}.Release|x64.Build.0 = Release|x64
		{71AB07AD-4D94-4693-8560-47862E5B6E61}.Release|x86.ActiveCfg = Release|x86
		{71AB07AD-4D94-4693-8560-47862E5B6E61}.Release|x86.Build.0 = Release|x86
		{F753AF28-A251-4C12-9335-07E8236184F2}.Debug|Any CPU.ActiveCfg = Debug|Any CPU
		{F753AF28-A251-4C12-9335-07E8236184F2}.Debug|Any CPU.Build.0 = Debug|Any CPU
		{F753AF28-A251-4C12-9335-07E8236184F2}.Debug|Itanium.ActiveCfg = Debug|Itanium
		{F753AF28-A251-4C12-9335-07E8236184F2}.Debug|Itanium.Build.0 = Debug|Itanium
		{F753AF28-A251-4C12-9335-07E8236184F2}.Debug|x64.ActiveCfg = Debug|x64
		{F753AF28-A251-4C12-9335-07E8236184F2}.Debug|x64.Build.0 = Debug|x64
		{F753AF28-A251-4C12-9335-07E8236184F2}.Debug|x86.ActiveCfg = Debug|x86
		{F753AF28-A251-4C12-9335-07E8236184F2}.Debug|x86.Build.0 = Debug|x86
		{F753AF28-A251-4C12-9335-07E8236184F2}.Release|Any CPU.ActiveCfg = Release|Any CPU
		{F753AF28-A251-4C12-9335-07E8236184F2}.Release|Any CPU.Build.0 = Release|Any CPU
		{F753AF28-A251-4C12-9335-07E8236184F2}.Release|Itanium.ActiveCfg = Release|Itanium
		{F753AF28-A251-4C12-9335-07E8236184F2}.Release|Itanium.Build.0 = Release|Itanium
		{F753AF28-A251-4C12-9335-07E8236184F2}.Release|x64.ActiveCfg = Release|x64
		{F753AF28-A251-4C12-9335-07E8236184F2}.Release|x64.Build.0 = Release|x64
		{F753AF28-A251-4C12-9335-07E8236184F2}.Release|x86.ActiveCfg = Release|x86
		{F753AF28-A251-4C12-9335-07E8236184F2}.Release|x86.Build.0 = Release|x86
		{18839C38-02CB-49DA-9650-F014C74BB750}.Debug|Any CPU.ActiveCfg = Debug|Any CPU
		{18839C38-02CB-49DA-9650-F014C74BB750}.Debug|Any CPU.Build.0 = Debug|Any CPU
		{18839C38-02CB-49DA-9650-F014C74BB750}.Debug|Itanium.ActiveCfg = Debug|Any CPU
		{18839C38-02CB-49DA-9650-F014C74BB750}.Debug|x64.ActiveCfg = Debug|Any CPU
		{18839C38-02CB-49DA-9650-F014C74BB750}.Debug|x86.ActiveCfg = Debug|Any CPU
		{18839C38-02CB-49DA-9650-F014C74BB750}.Release|Any CPU.ActiveCfg = Release|Any CPU
		{18839C38-02CB-49DA-9650-F014C74BB750}.Release|Any CPU.Build.0 = Release|Any CPU
		{18839C38-02CB-49DA-9650-F014C74BB750}.Release|Itanium.ActiveCfg = Release|Any CPU
		{18839C38-02CB-49DA-9650-F014C74BB750}.Release|x64.ActiveCfg = Release|Any CPU
		{18839C38-02CB-49DA-9650-F014C74BB750}.Release|x86.ActiveCfg = Release|Any CPU
		{1EC261BB-153D-487D-8A0A-DD85E850775F}.Debug|Any CPU.ActiveCfg = Debug|Any CPU
		{1EC261BB-153D-487D-8A0A-DD85E850775F}.Debug|Any CPU.Build.0 = Debug|Any CPU
		{1EC261BB-153D-487D-8A0A-DD85E850775F}.Debug|Itanium.ActiveCfg = Debug|Any CPU
		{1EC261BB-153D-487D-8A0A-DD85E850775F}.Debug|x64.ActiveCfg = Debug|Any CPU
		{1EC261BB-153D-487D-8A0A-DD85E850775F}.Debug|x86.ActiveCfg = Debug|Any CPU
		{1EC261BB-153D-487D-8A0A-DD85E850775F}.Release|Any CPU.ActiveCfg = Release|Any CPU
		{1EC261BB-153D-487D-8A0A-DD85E850775F}.Release|Any CPU.Build.0 = Release|Any CPU
		{1EC261BB-153D-487D-8A0A-DD85E850775F}.Release|Itanium.ActiveCfg = Release|Any CPU
		{1EC261BB-153D-487D-8A0A-DD85E850775F}.Release|x64.ActiveCfg = Release|Any CPU
		{1EC261BB-153D-487D-8A0A-DD85E850775F}.Release|x86.ActiveCfg = Release|Any CPU
		{3CEAC898-BFCA-45EA-BF34-C4BBB85D2DA4}.Debug|Any CPU.ActiveCfg = Debug|Any CPU
		{3CEAC898-BFCA-45EA-BF34-C4BBB85D2DA4}.Debug|Any CPU.Build.0 = Debug|Any CPU
		{3CEAC898-BFCA-45EA-BF34-C4BBB85D2DA4}.Debug|Itanium.ActiveCfg = Debug|Any CPU
		{3CEAC898-BFCA-45EA-BF34-C4BBB85D2DA4}.Debug|x64.ActiveCfg = Debug|Any CPU
		{3CEAC898-BFCA-45EA-BF34-C4BBB85D2DA4}.Debug|x86.ActiveCfg = Debug|Any CPU
		{3CEAC898-BFCA-45EA-BF34-C4BBB85D2DA4}.Release|Any CPU.ActiveCfg = Release|Any CPU
		{3CEAC898-BFCA-45EA-BF34-C4BBB85D2DA4}.Release|Any CPU.Build.0 = Release|Any CPU
		{3CEAC898-BFCA-45EA-BF34-C4BBB85D2DA4}.Release|Itanium.ActiveCfg = Release|Any CPU
		{3CEAC898-BFCA-45EA-BF34-C4BBB85D2DA4}.Release|x64.ActiveCfg = Release|Any CPU
		{3CEAC898-BFCA-45EA-BF34-C4BBB85D2DA4}.Release|x86.ActiveCfg = Release|Any CPU
		{9FAB94E5-58EE-475B-B866-E8F2EDE31FDD}.Debug|Any CPU.ActiveCfg = Debug|Any CPU
		{9FAB94E5-58EE-475B-B866-E8F2EDE31FDD}.Debug|Any CPU.Build.0 = Debug|Any CPU
		{9FAB94E5-58EE-475B-B866-E8F2EDE31FDD}.Debug|Itanium.ActiveCfg = Debug|Any CPU
		{9FAB94E5-58EE-475B-B866-E8F2EDE31FDD}.Debug|x64.ActiveCfg = Debug|Any CPU
		{9FAB94E5-58EE-475B-B866-E8F2EDE31FDD}.Debug|x86.ActiveCfg = Debug|Any CPU
		{9FAB94E5-58EE-475B-B866-E8F2EDE31FDD}.Release|Any CPU.ActiveCfg = Release|Any CPU
		{9FAB94E5-58EE-475B-B866-E8F2EDE31FDD}.Release|Any CPU.Build.0 = Release|Any CPU
		{9FAB94E5-58EE-475B-B866-E8F2EDE31FDD}.Release|Itanium.ActiveCfg = Release|Any CPU
		{9FAB94E5-58EE-475B-B866-E8F2EDE31FDD}.Release|x64.ActiveCfg = Release|Any CPU
		{9FAB94E5-58EE-475B-B866-E8F2EDE31FDD}.Release|x86.ActiveCfg = Release|Any CPU
		{6079CB15-9D05-4142-AB50-00DB492DD871}.Debug|Any CPU.ActiveCfg = Debug|Any CPU
		{6079CB15-9D05-4142-AB50-00DB492DD871}.Debug|Any CPU.Build.0 = Debug|Any CPU
		{6079CB15-9D05-4142-AB50-00DB492DD871}.Debug|Itanium.ActiveCfg = Debug|Any CPU
		{6079CB15-9D05-4142-AB50-00DB492DD871}.Debug|x64.ActiveCfg = Debug|Any CPU
		{6079CB15-9D05-4142-AB50-00DB492DD871}.Debug|x86.ActiveCfg = Debug|Any CPU
		{6079CB15-9D05-4142-AB50-00DB492DD871}.Release|Any CPU.ActiveCfg = Release|Any CPU
		{6079CB15-9D05-4142-AB50-00DB492DD871}.Release|Any CPU.Build.0 = Release|Any CPU
		{6079CB15-9D05-4142-AB50-00DB492DD871}.Release|Itanium.ActiveCfg = Release|Any CPU
		{6079CB15-9D05-4142-AB50-00DB492DD871}.Release|x64.ActiveCfg = Release|Any CPU
		{6079CB15-9D05-4142-AB50-00DB492DD871}.Release|x86.ActiveCfg = Release|Any CPU
		{E4C49EA3-504E-4EFB-96D6-3D2217553B14}.Debug|Any CPU.ActiveCfg = Debug|Any CPU
		{E4C49EA3-504E-4EFB-96D6-3D2217553B14}.Debug|Any CPU.Build.0 = Debug|Any CPU
		{E4C49EA3-504E-4EFB-96D6-3D2217553B14}.Debug|Itanium.ActiveCfg = Debug|Any CPU
		{E4C49EA3-504E-4EFB-96D6-3D2217553B14}.Debug|x64.ActiveCfg = Debug|Any CPU
		{E4C49EA3-504E-4EFB-96D6-3D2217553B14}.Debug|x86.ActiveCfg = Debug|Any CPU
		{E4C49EA3-504E-4EFB-96D6-3D2217553B14}.Release|Any CPU.ActiveCfg = Release|Any CPU
		{E4C49EA3-504E-4EFB-96D6-3D2217553B14}.Release|Any CPU.Build.0 = Release|Any CPU
		{E4C49EA3-504E-4EFB-96D6-3D2217553B14}.Release|Itanium.ActiveCfg = Release|Any CPU
		{E4C49EA3-504E-4EFB-96D6-3D2217553B14}.Release|x64.ActiveCfg = Release|Any CPU
		{E4C49EA3-504E-4EFB-96D6-3D2217553B14}.Release|x86.ActiveCfg = Release|Any CPU
	EndGlobalSection
	GlobalSection(SolutionProperties) = preSolution
		HideSolutionNode = FALSE
	EndGlobalSection
	GlobalSection(NestedProjects) = preSolution
		{D8F47413-AD0E-4A6B-AE10-4732E9BA85FE} = {DC864B6D-2877-4FE5-95F2-F1E2D9CF73D1}
		{71AB07AD-4D94-4693-8560-47862E5B6E61} = {DC864B6D-2877-4FE5-95F2-F1E2D9CF73D1}
		{F753AF28-A251-4C12-9335-07E8236184F2} = {DC864B6D-2877-4FE5-95F2-F1E2D9CF73D1}
		{1EC261BB-153D-487D-8A0A-DD85E850775F} = {DC864B6D-2877-4FE5-95F2-F1E2D9CF73D1}
		{3CEAC898-BFCA-45EA-BF34-C4BBB85D2DA4} = {DC864B6D-2877-4FE5-95F2-F1E2D9CF73D1}
		{E4C49EA3-504E-4EFB-96D6-3D2217553B14} = {DC864B6D-2877-4FE5-95F2-F1E2D9CF73D1}
		{6079CB15-9D05-4142-AB50-00DB492DD871} = {D8F47413-AD0E-4A6B-AE10-4732E9BA85FE}
		{18839C38-02CB-49DA-9650-F014C74BB750} = {0B8DB2AA-3670-43CF-8F08-99FA7469EA4D}
		{9FAB94E5-58EE-475B-B866-E8F2EDE31FDD} = {0B8DB2AA-3670-43CF-8F08-99FA7469EA4D}
	EndGlobalSection
	GlobalSection(ExtensibilityGlobals) = postSolution
		BuildVersion_UpdateFileVersion = False
		BuildVersion_UpdateAssemblyVersion = False
		BuildVersion_BuildVersioningStyle = None.None.None.Increment
		BuildVersion_ConfigurationName = Any
	EndGlobalSection
EndGlobal
